// !$*UTF8*$!
{
	archiveVersion = 1;
	classes = {
	};
	objectVersion = 55;
	objects = {

/* Begin PBXBuildFile section */
		D06253BE2991013E006F1B0D /* CharacterListViewViewModel.swift in Sources */ = {isa = PBXBuildFile; fileRef = D06253BD2991013E006F1B0D /* CharacterListViewViewModel.swift */; };
		D06253C0299101DF006F1B0D /* CharacterListView.swift in Sources */ = {isa = PBXBuildFile; fileRef = D06253BF299101DF006F1B0D /* CharacterListView.swift */; };
		D06253C22991143C006F1B0D /* Extensions.swift in Sources */ = {isa = PBXBuildFile; fileRef = D06253C12991143C006F1B0D /* Extensions.swift */; };
		D0833523298D9CA900F29F64 /* RMOrigin.swift in Sources */ = {isa = PBXBuildFile; fileRef = D0833522298D9CA900F29F64 /* RMOrigin.swift */; };
		D0833525298D9D6000F29F64 /* RMSingleLocation.swift in Sources */ = {isa = PBXBuildFile; fileRef = D0833524298D9D6000F29F64 /* RMSingleLocation.swift */; };
		D0833527298D9EFB00F29F64 /* RMCharacterStatus.swift in Sources */ = {isa = PBXBuildFile; fileRef = D0833526298D9EFB00F29F64 /* RMCharacterStatus.swift */; };
		D0833529298D9FB300F29F64 /* RMGenderStatus.swift in Sources */ = {isa = PBXBuildFile; fileRef = D0833528298D9FB300F29F64 /* RMGenderStatus.swift */; };
		D083352C298F0D2000F29F64 /* RMGetCharactersResponse.swift in Sources */ = {isa = PBXBuildFile; fileRef = D083352B298F0D2000F29F64 /* RMGetCharactersResponse.swift */; };
		D0947E1E298AD30B005A1EAD /* AppDelegate.swift in Sources */ = {isa = PBXBuildFile; fileRef = D0947E1D298AD30B005A1EAD /* AppDelegate.swift */; };
		D0947E20298AD30B005A1EAD /* SceneDelegate.swift in Sources */ = {isa = PBXBuildFile; fileRef = D0947E1F298AD30B005A1EAD /* SceneDelegate.swift */; };
		D0947E22298AD30B005A1EAD /* RMTabViewController.swift in Sources */ = {isa = PBXBuildFile; fileRef = D0947E21298AD30B005A1EAD /* RMTabViewController.swift */; };
		D0947E27298AD30D005A1EAD /* Assets.xcassets in Resources */ = {isa = PBXBuildFile; fileRef = D0947E26298AD30D005A1EAD /* Assets.xcassets */; };
		D0947E2A298AD30D005A1EAD /* LaunchScreen.storyboard in Resources */ = {isa = PBXBuildFile; fileRef = D0947E28298AD30D005A1EAD /* LaunchScreen.storyboard */; };
		D0947E35298AD30D005A1EAD /* Rick_and_MortyTests.swift in Sources */ = {isa = PBXBuildFile; fileRef = D0947E34298AD30D005A1EAD /* Rick_and_MortyTests.swift */; };
		D0947E3F298AD30E005A1EAD /* Rick_and_MortyUITests.swift in Sources */ = {isa = PBXBuildFile; fileRef = D0947E3E298AD30E005A1EAD /* Rick_and_MortyUITests.swift */; };
		D0947E41298AD30E005A1EAD /* Rick_and_MortyUITestsLaunchTests.swift in Sources */ = {isa = PBXBuildFile; fileRef = D0947E40298AD30E005A1EAD /* Rick_and_MortyUITestsLaunchTests.swift */; };
		D0947E5B298AEB57005A1EAD /* RMLocation.swift in Sources */ = {isa = PBXBuildFile; fileRef = D0947E5A298AEB57005A1EAD /* RMLocation.swift */; };
		D0947E5D298AEB66005A1EAD /* RMCharacter.swift in Sources */ = {isa = PBXBuildFile; fileRef = D0947E5C298AEB66005A1EAD /* RMCharacter.swift */; };
		D0947E5F298AEB79005A1EAD /* RMEpisode.swift in Sources */ = {isa = PBXBuildFile; fileRef = D0947E5E298AEB79005A1EAD /* RMEpisode.swift */; };
		D0947E62298AEC8E005A1EAD /* RMLocationViewController.swift in Sources */ = {isa = PBXBuildFile; fileRef = D0947E61298AEC8E005A1EAD /* RMLocationViewController.swift */; };
		D0947E64298AECB1005A1EAD /* RMCharacterViewController.swift in Sources */ = {isa = PBXBuildFile; fileRef = D0947E63298AECB1005A1EAD /* RMCharacterViewController.swift */; };
		D0947E66298AECD4005A1EAD /* RMEpisodeViewController.swift in Sources */ = {isa = PBXBuildFile; fileRef = D0947E65298AECD4005A1EAD /* RMEpisodeViewController.swift */; };
		D0947E68298AECF0005A1EAD /* RMSettingsViewController.swift in Sources */ = {isa = PBXBuildFile; fileRef = D0947E67298AECF0005A1EAD /* RMSettingsViewController.swift */; };
		D0947E6A298BB92F005A1EAD /* RMService.swift in Sources */ = {isa = PBXBuildFile; fileRef = D0947E69298BB92F005A1EAD /* RMService.swift */; };
		D0947E6C298BB95F005A1EAD /* RMRequest.swift in Sources */ = {isa = PBXBuildFile; fileRef = D0947E6B298BB95F005A1EAD /* RMRequest.swift */; };
		D0947E6E298BBAD6005A1EAD /* RMEndpoint.swift in Sources */ = {isa = PBXBuildFile; fileRef = D0947E6D298BBAD6005A1EAD /* RMEndpoint.swift */; };
/* End PBXBuildFile section */

/* Begin PBXContainerItemProxy section */
		D0947E31298AD30D005A1EAD /* PBXContainerItemProxy */ = {
			isa = PBXContainerItemProxy;
			containerPortal = D0947E12298AD30B005A1EAD /* Project object */;
			proxyType = 1;
			remoteGlobalIDString = D0947E19298AD30B005A1EAD;
			remoteInfo = "Rick and Morty";
		};
		D0947E3B298AD30E005A1EAD /* PBXContainerItemProxy */ = {
			isa = PBXContainerItemProxy;
			containerPortal = D0947E12298AD30B005A1EAD /* Project object */;
			proxyType = 1;
			remoteGlobalIDString = D0947E19298AD30B005A1EAD;
			remoteInfo = "Rick and Morty";
		};
/* End PBXContainerItemProxy section */

/* Begin PBXFileReference section */
		D06253BD2991013E006F1B0D /* CharacterListViewViewModel.swift */ = {isa = PBXFileReference; lastKnownFileType = sourcecode.swift; path = CharacterListViewViewModel.swift; sourceTree = "<group>"; };
		D06253BF299101DF006F1B0D /* CharacterListView.swift */ = {isa = PBXFileReference; lastKnownFileType = sourcecode.swift; path = CharacterListView.swift; sourceTree = "<group>"; };
		D06253C12991143C006F1B0D /* Extensions.swift */ = {isa = PBXFileReference; lastKnownFileType = sourcecode.swift; path = Extensions.swift; sourceTree = "<group>"; };
		D0833522298D9CA900F29F64 /* RMOrigin.swift */ = {isa = PBXFileReference; lastKnownFileType = sourcecode.swift; path = RMOrigin.swift; sourceTree = "<group>"; };
		D0833524298D9D6000F29F64 /* RMSingleLocation.swift */ = {isa = PBXFileReference; lastKnownFileType = sourcecode.swift; path = RMSingleLocation.swift; sourceTree = "<group>"; };
		D0833526298D9EFB00F29F64 /* RMCharacterStatus.swift */ = {isa = PBXFileReference; lastKnownFileType = sourcecode.swift; path = RMCharacterStatus.swift; sourceTree = "<group>"; };
		D0833528298D9FB300F29F64 /* RMGenderStatus.swift */ = {isa = PBXFileReference; lastKnownFileType = sourcecode.swift; path = RMGenderStatus.swift; sourceTree = "<group>"; };
		D083352B298F0D2000F29F64 /* RMGetCharactersResponse.swift */ = {isa = PBXFileReference; lastKnownFileType = sourcecode.swift; path = RMGetCharactersResponse.swift; sourceTree = "<group>"; };
		D0947E1A298AD30B005A1EAD /* Rick and Morty.app */ = {isa = PBXFileReference; explicitFileType = wrapper.application; includeInIndex = 0; path = "Rick and Morty.app"; sourceTree = BUILT_PRODUCTS_DIR; };
		D0947E1D298AD30B005A1EAD /* AppDelegate.swift */ = {isa = PBXFileReference; lastKnownFileType = sourcecode.swift; path = AppDelegate.swift; sourceTree = "<group>"; };
		D0947E1F298AD30B005A1EAD /* SceneDelegate.swift */ = {isa = PBXFileReference; lastKnownFileType = sourcecode.swift; path = SceneDelegate.swift; sourceTree = "<group>"; };
		D0947E21298AD30B005A1EAD /* RMTabViewController.swift */ = {isa = PBXFileReference; lastKnownFileType = sourcecode.swift; path = RMTabViewController.swift; sourceTree = "<group>"; };
		D0947E26298AD30D005A1EAD /* Assets.xcassets */ = {isa = PBXFileReference; lastKnownFileType = folder.assetcatalog; path = Assets.xcassets; sourceTree = "<group>"; };
		D0947E29298AD30D005A1EAD /* Base */ = {isa = PBXFileReference; lastKnownFileType = file.storyboard; name = Base; path = Base.lproj/LaunchScreen.storyboard; sourceTree = "<group>"; };
		D0947E2B298AD30D005A1EAD /* Info.plist */ = {isa = PBXFileReference; lastKnownFileType = text.plist.xml; path = Info.plist; sourceTree = "<group>"; };
		D0947E30298AD30D005A1EAD /* Rick and MortyTests.xctest */ = {isa = PBXFileReference; explicitFileType = wrapper.cfbundle; includeInIndex = 0; path = "Rick and MortyTests.xctest"; sourceTree = BUILT_PRODUCTS_DIR; };
		D0947E34298AD30D005A1EAD /* Rick_and_MortyTests.swift */ = {isa = PBXFileReference; lastKnownFileType = sourcecode.swift; path = Rick_and_MortyTests.swift; sourceTree = "<group>"; };
		D0947E3A298AD30E005A1EAD /* Rick and MortyUITests.xctest */ = {isa = PBXFileReference; explicitFileType = wrapper.cfbundle; includeInIndex = 0; path = "Rick and MortyUITests.xctest"; sourceTree = BUILT_PRODUCTS_DIR; };
		D0947E3E298AD30E005A1EAD /* Rick_and_MortyUITests.swift */ = {isa = PBXFileReference; lastKnownFileType = sourcecode.swift; path = Rick_and_MortyUITests.swift; sourceTree = "<group>"; };
		D0947E40298AD30E005A1EAD /* Rick_and_MortyUITestsLaunchTests.swift */ = {isa = PBXFileReference; lastKnownFileType = sourcecode.swift; path = Rick_and_MortyUITestsLaunchTests.swift; sourceTree = "<group>"; };
		D0947E5A298AEB57005A1EAD /* RMLocation.swift */ = {isa = PBXFileReference; lastKnownFileType = sourcecode.swift; path = RMLocation.swift; sourceTree = "<group>"; };
		D0947E5C298AEB66005A1EAD /* RMCharacter.swift */ = {isa = PBXFileReference; lastKnownFileType = sourcecode.swift; path = RMCharacter.swift; sourceTree = "<group>"; };
		D0947E5E298AEB79005A1EAD /* RMEpisode.swift */ = {isa = PBXFileReference; lastKnownFileType = sourcecode.swift; path = RMEpisode.swift; sourceTree = "<group>"; };
		D0947E61298AEC8E005A1EAD /* RMLocationViewController.swift */ = {isa = PBXFileReference; lastKnownFileType = sourcecode.swift; path = RMLocationViewController.swift; sourceTree = "<group>"; };
		D0947E63298AECB1005A1EAD /* RMCharacterViewController.swift */ = {isa = PBXFileReference; lastKnownFileType = sourcecode.swift; path = RMCharacterViewController.swift; sourceTree = "<group>"; };
		D0947E65298AECD4005A1EAD /* RMEpisodeViewController.swift */ = {isa = PBXFileReference; lastKnownFileType = sourcecode.swift; path = RMEpisodeViewController.swift; sourceTree = "<group>"; };
		D0947E67298AECF0005A1EAD /* RMSettingsViewController.swift */ = {isa = PBXFileReference; lastKnownFileType = sourcecode.swift; path = RMSettingsViewController.swift; sourceTree = "<group>"; };
		D0947E69298BB92F005A1EAD /* RMService.swift */ = {isa = PBXFileReference; lastKnownFileType = sourcecode.swift; path = RMService.swift; sourceTree = "<group>"; };
		D0947E6B298BB95F005A1EAD /* RMRequest.swift */ = {isa = PBXFileReference; lastKnownFileType = sourcecode.swift; path = RMRequest.swift; sourceTree = "<group>"; };
		D0947E6D298BBAD6005A1EAD /* RMEndpoint.swift */ = {isa = PBXFileReference; lastKnownFileType = sourcecode.swift; path = RMEndpoint.swift; sourceTree = "<group>"; };
/* End PBXFileReference section */

/* Begin PBXFrameworksBuildPhase section */
		D0947E17298AD30B005A1EAD /* Frameworks */ = {
			isa = PBXFrameworksBuildPhase;
			buildActionMask = 2147483647;
			files = (
			);
			runOnlyForDeploymentPostprocessing = 0;
		};
		D0947E2D298AD30D005A1EAD /* Frameworks */ = {
			isa = PBXFrameworksBuildPhase;
			buildActionMask = 2147483647;
			files = (
			);
			runOnlyForDeploymentPostprocessing = 0;
		};
		D0947E37298AD30E005A1EAD /* Frameworks */ = {
			isa = PBXFrameworksBuildPhase;
			buildActionMask = 2147483647;
			files = (
			);
			runOnlyForDeploymentPostprocessing = 0;
		};
/* End PBXFrameworksBuildPhase section */

/* Begin PBXGroup section */
		D083352A298F0CF600F29F64 /* APIResponseTypes */ = {
			isa = PBXGroup;
			children = (
				D083352B298F0D2000F29F64 /* RMGetCharactersResponse.swift */,
			);
			path = APIResponseTypes;
			sourceTree = "<group>";
		};
		D0947E11298AD30B005A1EAD = {
			isa = PBXGroup;
			children = (
				D0947E1C298AD30B005A1EAD /* Rick and Morty */,
				D0947E33298AD30D005A1EAD /* Rick and MortyTests */,
				D0947E3D298AD30E005A1EAD /* Rick and MortyUITests */,
				D0947E1B298AD30B005A1EAD /* Products */,
			);
			sourceTree = "<group>";
		};
		D0947E1B298AD30B005A1EAD /* Products */ = {
			isa = PBXGroup;
			children = (
				D0947E1A298AD30B005A1EAD /* Rick and Morty.app */,
				D0947E30298AD30D005A1EAD /* Rick and MortyTests.xctest */,
				D0947E3A298AD30E005A1EAD /* Rick and MortyUITests.xctest */,
			);
			name = Products;
			sourceTree = "<group>";
		};
		D0947E1C298AD30B005A1EAD /* Rick and Morty */ = {
			isa = PBXGroup;
			children = (
				D0947E59298AE9CE005A1EAD /* Models */,
				D0947E55298AE957005A1EAD /* Views */,
				D0947E56298AE988005A1EAD /* ViewModels */,
				D0947E58298AE9AE005A1EAD /* Controllers */,
				D0947E57298AE9A2005A1EAD /* Managers */,
				D0947E54298AE950005A1EAD /* Resources */,
				D0947E52298AE88A005A1EAD /* APIClient */,
				D0947E2B298AD30D005A1EAD /* Info.plist */,
			);
			path = "Rick and Morty";
			sourceTree = "<group>";
		};
		D0947E33298AD30D005A1EAD /* Rick and MortyTests */ = {
			isa = PBXGroup;
			children = (
				D0947E34298AD30D005A1EAD /* Rick_and_MortyTests.swift */,
			);
			path = "Rick and MortyTests";
			sourceTree = "<group>";
		};
		D0947E3D298AD30E005A1EAD /* Rick and MortyUITests */ = {
			isa = PBXGroup;
			children = (
				D0947E3E298AD30E005A1EAD /* Rick_and_MortyUITests.swift */,
				D0947E40298AD30E005A1EAD /* Rick_and_MortyUITestsLaunchTests.swift */,
			);
			path = "Rick and MortyUITests";
			sourceTree = "<group>";
		};
		D0947E52298AE88A005A1EAD /* APIClient */ = {
			isa = PBXGroup;
			children = (
				D0947E69298BB92F005A1EAD /* RMService.swift */,
				D0947E6B298BB95F005A1EAD /* RMRequest.swift */,
				D0947E6D298BBAD6005A1EAD /* RMEndpoint.swift */,
			);
			path = APIClient;
			sourceTree = "<group>";
		};
		D0947E54298AE950005A1EAD /* Resources */ = {
			isa = PBXGroup;
			children = (
				D0947E1D298AD30B005A1EAD /* AppDelegate.swift */,
				D0947E26298AD30D005A1EAD /* Assets.xcassets */,
				D0947E28298AD30D005A1EAD /* LaunchScreen.storyboard */,
				D0947E1F298AD30B005A1EAD /* SceneDelegate.swift */,
				D06253C12991143C006F1B0D /* Extensions.swift */,
			);
			path = Resources;
			sourceTree = "<group>";
		};
		D0947E55298AE957005A1EAD /* Views */ = {
			isa = PBXGroup;
			children = (
				D06253BF299101DF006F1B0D /* CharacterListView.swift */,
			);
			path = Views;
			sourceTree = "<group>";
		};
		D0947E56298AE988005A1EAD /* ViewModels */ = {
			isa = PBXGroup;
			children = (
				D06253BD2991013E006F1B0D /* CharacterListViewViewModel.swift */,
			);
			path = ViewModels;
			sourceTree = "<group>";
		};
		D0947E57298AE9A2005A1EAD /* Managers */ = {
			isa = PBXGroup;
			children = (
			);
			path = Managers;
			sourceTree = "<group>";
		};
		D0947E58298AE9AE005A1EAD /* Controllers */ = {
			isa = PBXGroup;
			children = (
				D0947E60298AEC52005A1EAD /* Core */,
			);
			path = Controllers;
			sourceTree = "<group>";
		};
		D0947E59298AE9CE005A1EAD /* Models */ = {
			isa = PBXGroup;
			children = (
				D083352A298F0CF600F29F64 /* APIResponseTypes */,
				D0947E5A298AEB57005A1EAD /* RMLocation.swift */,
				D0947E5C298AEB66005A1EAD /* RMCharacter.swift */,
				D0947E5E298AEB79005A1EAD /* RMEpisode.swift */,
				D0833522298D9CA900F29F64 /* RMOrigin.swift */,
				D0833524298D9D6000F29F64 /* RMSingleLocation.swift */,
				D0833526298D9EFB00F29F64 /* RMCharacterStatus.swift */,
				D0833528298D9FB300F29F64 /* RMGenderStatus.swift */,
			);
			path = Models;
			sourceTree = "<group>";
		};
		D0947E60298AEC52005A1EAD /* Core */ = {
			isa = PBXGroup;
			children = (
				D0947E61298AEC8E005A1EAD /* RMLocationViewController.swift */,
				D0947E63298AECB1005A1EAD /* RMCharacterViewController.swift */,
				D0947E65298AECD4005A1EAD /* RMEpisodeViewController.swift */,
				D0947E67298AECF0005A1EAD /* RMSettingsViewController.swift */,
				D0947E21298AD30B005A1EAD /* RMTabViewController.swift */,
			);
			path = Core;
			sourceTree = "<group>";
		};
/* End PBXGroup section */

/* Begin PBXNativeTarget section */
		D0947E19298AD30B005A1EAD /* Rick and Morty */ = {
			isa = PBXNativeTarget;
			buildConfigurationList = D0947E44298AD30E005A1EAD /* Build configuration list for PBXNativeTarget "Rick and Morty" */;
			buildPhases = (
				D0947E16298AD30B005A1EAD /* Sources */,
				D0947E17298AD30B005A1EAD /* Frameworks */,
				D0947E18298AD30B005A1EAD /* Resources */,
			);
			buildRules = (
			);
			dependencies = (
			);
			name = "Rick and Morty";
			productName = "Rick and Morty";
			productReference = D0947E1A298AD30B005A1EAD /* Rick and Morty.app */;
			productType = "com.apple.product-type.application";
		};
		D0947E2F298AD30D005A1EAD /* Rick and MortyTests */ = {
			isa = PBXNativeTarget;
			buildConfigurationList = D0947E47298AD30E005A1EAD /* Build configuration list for PBXNativeTarget "Rick and MortyTests" */;
			buildPhases = (
				D0947E2C298AD30D005A1EAD /* Sources */,
				D0947E2D298AD30D005A1EAD /* Frameworks */,
				D0947E2E298AD30D005A1EAD /* Resources */,
			);
			buildRules = (
			);
			dependencies = (
				D0947E32298AD30D005A1EAD /* PBXTargetDependency */,
			);
			name = "Rick and MortyTests";
			productName = "Rick and MortyTests";
			productReference = D0947E30298AD30D005A1EAD /* Rick and MortyTests.xctest */;
			productType = "com.apple.product-type.bundle.unit-test";
		};
		D0947E39298AD30E005A1EAD /* Rick and MortyUITests */ = {
			isa = PBXNativeTarget;
			buildConfigurationList = D0947E4A298AD30E005A1EAD /* Build configuration list for PBXNativeTarget "Rick and MortyUITests" */;
			buildPhases = (
				D0947E36298AD30E005A1EAD /* Sources */,
				D0947E37298AD30E005A1EAD /* Frameworks */,
				D0947E38298AD30E005A1EAD /* Resources */,
			);
			buildRules = (
			);
			dependencies = (
				D0947E3C298AD30E005A1EAD /* PBXTargetDependency */,
			);
			name = "Rick and MortyUITests";
			productName = "Rick and MortyUITests";
			productReference = D0947E3A298AD30E005A1EAD /* Rick and MortyUITests.xctest */;
			productType = "com.apple.product-type.bundle.ui-testing";
		};
/* End PBXNativeTarget section */

/* Begin PBXProject section */
		D0947E12298AD30B005A1EAD /* Project object */ = {
			isa = PBXProject;
			attributes = {
				BuildIndependentTargetsInParallel = 1;
				LastSwiftUpdateCheck = 1340;
				LastUpgradeCheck = 1340;
				TargetAttributes = {
					D0947E19298AD30B005A1EAD = {
						CreatedOnToolsVersion = 13.4.1;
					};
					D0947E2F298AD30D005A1EAD = {
						CreatedOnToolsVersion = 13.4.1;
						TestTargetID = D0947E19298AD30B005A1EAD;
					};
					D0947E39298AD30E005A1EAD = {
						CreatedOnToolsVersion = 13.4.1;
						TestTargetID = D0947E19298AD30B005A1EAD;
					};
				};
			};
			buildConfigurationList = D0947E15298AD30B005A1EAD /* Build configuration list for PBXProject "Rick and Morty" */;
			compatibilityVersion = "Xcode 13.0";
			developmentRegion = en;
			hasScannedForEncodings = 0;
			knownRegions = (
				en,
				Base,
			);
			mainGroup = D0947E11298AD30B005A1EAD;
			productRefGroup = D0947E1B298AD30B005A1EAD /* Products */;
			projectDirPath = "";
			projectRoot = "";
			targets = (
				D0947E19298AD30B005A1EAD /* Rick and Morty */,
				D0947E2F298AD30D005A1EAD /* Rick and MortyTests */,
				D0947E39298AD30E005A1EAD /* Rick and MortyUITests */,
			);
		};
/* End PBXProject section */

/* Begin PBXResourcesBuildPhase section */
		D0947E18298AD30B005A1EAD /* Resources */ = {
			isa = PBXResourcesBuildPhase;
			buildActionMask = 2147483647;
			files = (
				D0947E2A298AD30D005A1EAD /* LaunchScreen.storyboard in Resources */,
				D0947E27298AD30D005A1EAD /* Assets.xcassets in Resources */,
			);
			runOnlyForDeploymentPostprocessing = 0;
		};
		D0947E2E298AD30D005A1EAD /* Resources */ = {
			isa = PBXResourcesBuildPhase;
			buildActionMask = 2147483647;
			files = (
			);
			runOnlyForDeploymentPostprocessing = 0;
		};
		D0947E38298AD30E005A1EAD /* Resources */ = {
			isa = PBXResourcesBuildPhase;
			buildActionMask = 2147483647;
			files = (
			);
			runOnlyForDeploymentPostprocessing = 0;
		};
/* End PBXResourcesBuildPhase section */

/* Begin PBXSourcesBuildPhase section */
		D0947E16298AD30B005A1EAD /* Sources */ = {
			isa = PBXSourcesBuildPhase;
			buildActionMask = 2147483647;
			files = (
				D083352C298F0D2000F29F64 /* RMGetCharactersResponse.swift in Sources */,
				D0833527298D9EFB00F29F64 /* RMCharacterStatus.swift in Sources */,
				D06253C0299101DF006F1B0D /* CharacterListView.swift in Sources */,
				D0833523298D9CA900F29F64 /* RMOrigin.swift in Sources */,
				D0833525298D9D6000F29F64 /* RMSingleLocation.swift in Sources */,
				D0947E5F298AEB79005A1EAD /* RMEpisode.swift in Sources */,
				D0947E22298AD30B005A1EAD /* RMTabViewController.swift in Sources */,
				D0947E62298AEC8E005A1EAD /* RMLocationViewController.swift in Sources */,
				D0947E66298AECD4005A1EAD /* RMEpisodeViewController.swift in Sources */,
				D0947E1E298AD30B005A1EAD /* AppDelegate.swift in Sources */,
				D0947E20298AD30B005A1EAD /* SceneDelegate.swift in Sources */,
				D0947E68298AECF0005A1EAD /* RMSettingsViewController.swift in Sources */,
				D0947E6A298BB92F005A1EAD /* RMService.swift in Sources */,
				D06253C22991143C006F1B0D /* Extensions.swift in Sources */,
				D0947E64298AECB1005A1EAD /* RMCharacterViewController.swift in Sources */,
				D0947E6E298BBAD6005A1EAD /* RMEndpoint.swift in Sources */,
				D0833529298D9FB300F29F64 /* RMGenderStatus.swift in Sources */,
				D0947E5B298AEB57005A1EAD /* RMLocation.swift in Sources */,
				D0947E6C298BB95F005A1EAD /* RMRequest.swift in Sources */,
				D06253BE2991013E006F1B0D /* CharacterListViewViewModel.swift in Sources */,
				D0947E5D298AEB66005A1EAD /* RMCharacter.swift in Sources */,
			);
			runOnlyForDeploymentPostprocessing = 0;
		};
		D0947E2C298AD30D005A1EAD /* Sources */ = {
			isa = PBXSourcesBuildPhase;
			buildActionMask = 2147483647;
			files = (
				D0947E35298AD30D005A1EAD /* Rick_and_MortyTests.swift in Sources */,
			);
			runOnlyForDeploymentPostprocessing = 0;
		};
		D0947E36298AD30E005A1EAD /* Sources */ = {
			isa = PBXSourcesBuildPhase;
			buildActionMask = 2147483647;
			files = (
				D0947E3F298AD30E005A1EAD /* Rick_and_MortyUITests.swift in Sources */,
				D0947E41298AD30E005A1EAD /* Rick_and_MortyUITestsLaunchTests.swift in Sources */,
			);
			runOnlyForDeploymentPostprocessing = 0;
		};
/* End PBXSourcesBuildPhase section */

/* Begin PBXTargetDependency section */
		D0947E32298AD30D005A1EAD /* PBXTargetDependency */ = {
			isa = PBXTargetDependency;
			target = D0947E19298AD30B005A1EAD /* Rick and Morty */;
			targetProxy = D0947E31298AD30D005A1EAD /* PBXContainerItemProxy */;
		};
		D0947E3C298AD30E005A1EAD /* PBXTargetDependency */ = {
			isa = PBXTargetDependency;
			target = D0947E19298AD30B005A1EAD /* Rick and Morty */;
			targetProxy = D0947E3B298AD30E005A1EAD /* PBXContainerItemProxy */;
		};
/* End PBXTargetDependency section */

/* Begin PBXVariantGroup section */
		D0947E28298AD30D005A1EAD /* LaunchScreen.storyboard */ = {
			isa = PBXVariantGroup;
			children = (
				D0947E29298AD30D005A1EAD /* Base */,
			);
			name = LaunchScreen.storyboard;
			sourceTree = "<group>";
		};
/* End PBXVariantGroup section */

/* Begin XCBuildConfiguration section */
		D0947E42298AD30E005A1EAD /* Debug */ = {
			isa = XCBuildConfiguration;
			buildSettings = {
				ALWAYS_SEARCH_USER_PATHS = NO;
				CLANG_ANALYZER_NONNULL = YES;
				CLANG_ANALYZER_NUMBER_OBJECT_CONVERSION = YES_AGGRESSIVE;
				CLANG_CXX_LANGUAGE_STANDARD = "gnu++17";
				CLANG_ENABLE_MODULES = YES;
				CLANG_ENABLE_OBJC_ARC = YES;
				CLANG_ENABLE_OBJC_WEAK = YES;
				CLANG_WARN_BLOCK_CAPTURE_AUTORELEASING = YES;
				CLANG_WARN_BOOL_CONVERSION = YES;
				CLANG_WARN_COMMA = YES;
				CLANG_WARN_CONSTANT_CONVERSION = YES;
				CLANG_WARN_DEPRECATED_OBJC_IMPLEMENTATIONS = YES;
				CLANG_WARN_DIRECT_OBJC_ISA_USAGE = YES_ERROR;
				CLANG_WARN_DOCUMENTATION_COMMENTS = YES;
				CLANG_WARN_EMPTY_BODY = YES;
				CLANG_WARN_ENUM_CONVERSION = YES;
				CLANG_WARN_INFINITE_RECURSION = YES;
				CLANG_WARN_INT_CONVERSION = YES;
				CLANG_WARN_NON_LITERAL_NULL_CONVERSION = YES;
				CLANG_WARN_OBJC_IMPLICIT_RETAIN_SELF = YES;
				CLANG_WARN_OBJC_LITERAL_CONVERSION = YES;
				CLANG_WARN_OBJC_ROOT_CLASS = YES_ERROR;
				CLANG_WARN_QUOTED_INCLUDE_IN_FRAMEWORK_HEADER = YES;
				CLANG_WARN_RANGE_LOOP_ANALYSIS = YES;
				CLANG_WARN_STRICT_PROTOTYPES = YES;
				CLANG_WARN_SUSPICIOUS_MOVE = YES;
				CLANG_WARN_UNGUARDED_AVAILABILITY = YES_AGGRESSIVE;
				CLANG_WARN_UNREACHABLE_CODE = YES;
				CLANG_WARN__DUPLICATE_METHOD_MATCH = YES;
				COPY_PHASE_STRIP = NO;
				DEBUG_INFORMATION_FORMAT = dwarf;
				ENABLE_STRICT_OBJC_MSGSEND = YES;
				ENABLE_TESTABILITY = YES;
				GCC_C_LANGUAGE_STANDARD = gnu11;
				GCC_DYNAMIC_NO_PIC = NO;
				GCC_NO_COMMON_BLOCKS = YES;
				GCC_OPTIMIZATION_LEVEL = 0;
				GCC_PREPROCESSOR_DEFINITIONS = (
					"DEBUG=1",
					"$(inherited)",
				);
				GCC_WARN_64_TO_32_BIT_CONVERSION = YES;
				GCC_WARN_ABOUT_RETURN_TYPE = YES_ERROR;
				GCC_WARN_UNDECLARED_SELECTOR = YES;
				GCC_WARN_UNINITIALIZED_AUTOS = YES_AGGRESSIVE;
				GCC_WARN_UNUSED_FUNCTION = YES;
				GCC_WARN_UNUSED_VARIABLE = YES;
				IPHONEOS_DEPLOYMENT_TARGET = 15.5;
				MTL_ENABLE_DEBUG_INFO = INCLUDE_SOURCE;
				MTL_FAST_MATH = YES;
				ONLY_ACTIVE_ARCH = YES;
				SDKROOT = iphoneos;
				SWIFT_ACTIVE_COMPILATION_CONDITIONS = DEBUG;
				SWIFT_OPTIMIZATION_LEVEL = "-Onone";
			};
			name = Debug;
		};
		D0947E43298AD30E005A1EAD /* Release */ = {
			isa = XCBuildConfiguration;
			buildSettings = {
				ALWAYS_SEARCH_USER_PATHS = NO;
				CLANG_ANALYZER_NONNULL = YES;
				CLANG_ANALYZER_NUMBER_OBJECT_CONVERSION = YES_AGGRESSIVE;
				CLANG_CXX_LANGUAGE_STANDARD = "gnu++17";
				CLANG_ENABLE_MODULES = YES;
				CLANG_ENABLE_OBJC_ARC = YES;
				CLANG_ENABLE_OBJC_WEAK = YES;
				CLANG_WARN_BLOCK_CAPTURE_AUTORELEASING = YES;
				CLANG_WARN_BOOL_CONVERSION = YES;
				CLANG_WARN_COMMA = YES;
				CLANG_WARN_CONSTANT_CONVERSION = YES;
				CLANG_WARN_DEPRECATED_OBJC_IMPLEMENTATIONS = YES;
				CLANG_WARN_DIRECT_OBJC_ISA_USAGE = YES_ERROR;
				CLANG_WARN_DOCUMENTATION_COMMENTS = YES;
				CLANG_WARN_EMPTY_BODY = YES;
				CLANG_WARN_ENUM_CONVERSION = YES;
				CLANG_WARN_INFINITE_RECURSION = YES;
				CLANG_WARN_INT_CONVERSION = YES;
				CLANG_WARN_NON_LITERAL_NULL_CONVERSION = YES;
				CLANG_WARN_OBJC_IMPLICIT_RETAIN_SELF = YES;
				CLANG_WARN_OBJC_LITERAL_CONVERSION = YES;
				CLANG_WARN_OBJC_ROOT_CLASS = YES_ERROR;
				CLANG_WARN_QUOTED_INCLUDE_IN_FRAMEWORK_HEADER = YES;
				CLANG_WARN_RANGE_LOOP_ANALYSIS = YES;
				CLANG_WARN_STRICT_PROTOTYPES = YES;
				CLANG_WARN_SUSPICIOUS_MOVE = YES;
				CLANG_WARN_UNGUARDED_AVAILABILITY = YES_AGGRESSIVE;
				CLANG_WARN_UNREACHABLE_CODE = YES;
				CLANG_WARN__DUPLICATE_METHOD_MATCH = YES;
				COPY_PHASE_STRIP = NO;
				DEBUG_INFORMATION_FORMAT = "dwarf-with-dsym";
				ENABLE_NS_ASSERTIONS = NO;
				ENABLE_STRICT_OBJC_MSGSEND = YES;
				GCC_C_LANGUAGE_STANDARD = gnu11;
				GCC_NO_COMMON_BLOCKS = YES;
				GCC_WARN_64_TO_32_BIT_CONVERSION = YES;
				GCC_WARN_ABOUT_RETURN_TYPE = YES_ERROR;
				GCC_WARN_UNDECLARED_SELECTOR = YES;
				GCC_WARN_UNINITIALIZED_AUTOS = YES_AGGRESSIVE;
				GCC_WARN_UNUSED_FUNCTION = YES;
				GCC_WARN_UNUSED_VARIABLE = YES;
				IPHONEOS_DEPLOYMENT_TARGET = 15.5;
				MTL_ENABLE_DEBUG_INFO = NO;
				MTL_FAST_MATH = YES;
				SDKROOT = iphoneos;
				SWIFT_COMPILATION_MODE = wholemodule;
				SWIFT_OPTIMIZATION_LEVEL = "-O";
				VALIDATE_PRODUCT = YES;
			};
			name = Release;
		};
		D0947E45298AD30E005A1EAD /* Debug */ = {
			isa = XCBuildConfiguration;
			buildSettings = {
				ASSETCATALOG_COMPILER_APPICON_NAME = AppIcon;
				ASSETCATALOG_COMPILER_GLOBAL_ACCENT_COLOR_NAME = AccentColor;
				CODE_SIGN_STYLE = Automatic;
				CURRENT_PROJECT_VERSION = 1;
				DEVELOPMENT_TEAM = 655K34WV58;
				GENERATE_INFOPLIST_FILE = YES;
				INFOPLIST_FILE = "Rick and Morty/Info.plist";
				INFOPLIST_KEY_UIApplicationSupportsIndirectInputEvents = YES;
				INFOPLIST_KEY_UILaunchStoryboardName = LaunchScreen;
				INFOPLIST_KEY_UISupportedInterfaceOrientations_iPad = "UIInterfaceOrientationPortrait UIInterfaceOrientationPortraitUpsideDown UIInterfaceOrientationLandscapeLeft UIInterfaceOrientationLandscapeRight";
				INFOPLIST_KEY_UISupportedInterfaceOrientations_iPhone = "UIInterfaceOrientationPortrait UIInterfaceOrientationLandscapeLeft UIInterfaceOrientationLandscapeRight";
				LD_RUNPATH_SEARCH_PATHS = (
					"$(inherited)",
					"@executable_path/Frameworks",
				);
				MARKETING_VERSION = 1.0;
				PRODUCT_BUNDLE_IDENTIFIER = "com.Oluwatomiwa.Rick-and-Morty";
				PRODUCT_NAME = "$(TARGET_NAME)";
				SWIFT_EMIT_LOC_STRINGS = YES;
				SWIFT_VERSION = 5.0;
				TARGETED_DEVICE_FAMILY = "1,2";
			};
			name = Debug;
		};
		D0947E46298AD30E005A1EAD /* Release */ = {
			isa = XCBuildConfiguration;
			buildSettings = {
				ASSETCATALOG_COMPILER_APPICON_NAME = AppIcon;
				ASSETCATALOG_COMPILER_GLOBAL_ACCENT_COLOR_NAME = AccentColor;
				CODE_SIGN_STYLE = Automatic;
				CURRENT_PROJECT_VERSION = 1;
				DEVELOPMENT_TEAM = 655K34WV58;
				GENERATE_INFOPLIST_FILE = YES;
				INFOPLIST_FILE = "Rick and Morty/Info.plist";
				INFOPLIST_KEY_UIApplicationSupportsIndirectInputEvents = YES;
				INFOPLIST_KEY_UILaunchStoryboardName = LaunchScreen;
				INFOPLIST_KEY_UISupportedInterfaceOrientations_iPad = "UIInterfaceOrientationPortrait UIInterfaceOrientationPortraitUpsideDown UIInterfaceOrientationLandscapeLeft UIInterfaceOrientationLandscapeRight";
				INFOPLIST_KEY_UISupportedInterfaceOrientations_iPhone = "UIInterfaceOrientationPortrait UIInterfaceOrientationLandscapeLeft UIInterfaceOrientationLandscapeRight";
				LD_RUNPATH_SEARCH_PATHS = (
					"$(inherited)",
					"@executable_path/Frameworks",
				);
				MARKETING_VERSION = 1.0;
				PRODUCT_BUNDLE_IDENTIFIER = "com.Oluwatomiwa.Rick-and-Morty";
				PRODUCT_NAME = "$(TARGET_NAME)";
				SWIFT_EMIT_LOC_STRINGS = YES;
				SWIFT_VERSION = 5.0;
				TARGETED_DEVICE_FAMILY = "1,2";
			};
			name = Release;
		};
		D0947E48298AD30E005A1EAD /* Debug */ = {
			isa = XCBuildConfiguration;
			buildSettings = {
				ALWAYS_EMBED_SWIFT_STANDARD_LIBRARIES = YES;
				BUNDLE_LOADER = "$(TEST_HOST)";
				CODE_SIGN_STYLE = Automatic;
				CURRENT_PROJECT_VERSION = 1;
				DEVELOPMENT_TEAM = 655K34WV58;
				GENERATE_INFOPLIST_FILE = YES;
				IPHONEOS_DEPLOYMENT_TARGET = 15.5;
				MARKETING_VERSION = 1.0;
				PRODUCT_BUNDLE_IDENTIFIER = "com.Oluwatomiwa.Rick-and-MortyTests";
				PRODUCT_NAME = "$(TARGET_NAME)";
				SWIFT_EMIT_LOC_STRINGS = NO;
				SWIFT_VERSION = 5.0;
				TARGETED_DEVICE_FAMILY = "1,2";
				TEST_HOST = "$(BUILT_PRODUCTS_DIR)/Rick and Morty.app/Rick and Morty";
			};
			name = Debug;
		};
		D0947E49298AD30E005A1EAD /* Release */ = {
			isa = XCBuildConfiguration;
			buildSettings = {
				ALWAYS_EMBED_SWIFT_STANDARD_LIBRARIES = YES;
				BUNDLE_LOADER = "$(TEST_HOST)";
				CODE_SIGN_STYLE = Automatic;
				CURRENT_PROJECT_VERSION = 1;
				DEVELOPMENT_TEAM = 655K34WV58;
				GENERATE_INFOPLIST_FILE = YES;
				IPHONEOS_DEPLOYMENT_TARGET = 15.5;
				MARKETING_VERSION = 1.0;
				PRODUCT_BUNDLE_IDENTIFIER = "com.Oluwatomiwa.Rick-and-MortyTests";
				PRODUCT_NAME = "$(TARGET_NAME)";
				SWIFT_EMIT_LOC_STRINGS = NO;
				SWIFT_VERSION = 5.0;
				TARGETED_DEVICE_FAMILY = "1,2";
				TEST_HOST = "$(BUILT_PRODUCTS_DIR)/Rick and Morty.app/Rick and Morty";
			};
			name = Release;
		};
		D0947E4B298AD30E005A1EAD /* Debug */ = {
			isa = XCBuildConfiguration;
			buildSettings = {
				ALWAYS_EMBED_SWIFT_STANDARD_LIBRARIES = YES;
				CODE_SIGN_STYLE = Automatic;
				CURRENT_PROJECT_VERSION = 1;
				DEVELOPMENT_TEAM = 655K34WV58;
				GENERATE_INFOPLIST_FILE = YES;
				MARKETING_VERSION = 1.0;
				PRODUCT_BUNDLE_IDENTIFIER = "com.Oluwatomiwa.Rick-and-MortyUITests";
				PRODUCT_NAME = "$(TARGET_NAME)";
				SWIFT_EMIT_LOC_STRINGS = NO;
				SWIFT_VERSION = 5.0;
				TARGETED_DEVICE_FAMILY = "1,2";
				TEST_TARGET_NAME = "Rick and Morty";
			};
			name = Debug;
		};
		D0947E4C298AD30E005A1EAD /* Release */ = {
			isa = XCBuildConfiguration;
			buildSettings = {
				ALWAYS_EMBED_SWIFT_STANDARD_LIBRARIES = YES;
				CODE_SIGN_STYLE = Automatic;
				CURRENT_PROJECT_VERSION = 1;
				DEVELOPMENT_TEAM = 655K34WV58;
				GENERATE_INFOPLIST_FILE = YES;
				MARKETING_VERSION = 1.0;
				PRODUCT_BUNDLE_IDENTIFIER = "com.Oluwatomiwa.Rick-and-MortyUITests";
				PRODUCT_NAME = "$(TARGET_NAME)";
				SWIFT_EMIT_LOC_STRINGS = NO;
				SWIFT_VERSION = 5.0;
				TARGETED_DEVICE_FAMILY = "1,2";
				TEST_TARGET_NAME = "Rick and Morty";
			};
			name = Release;
		};
/* End XCBuildConfiguration section */

/* Begin XCConfigurationList section */
		D0947E15298AD30B005A1EAD /* Build configuration list for PBXProject "Rick and Morty" */ = {
			isa = XCConfigurationList;
			buildConfigurations = (
				D0947E42298AD30E005A1EAD /* Debug */,
				D0947E43298AD30E005A1EAD /* Release */,
			);
			defaultConfigurationIsVisible = 0;
			defaultConfigurationName = Release;
		};
		D0947E44298AD30E005A1EAD /* Build configuration list for PBXNativeTarget "Rick and Morty" */ = {
			isa = XCConfigurationList;
			buildConfigurations = (
				D0947E45298AD30E005A1EAD /* Debug */,
				D0947E46298AD30E005A1EAD /* Release */,
			);
			defaultConfigurationIsVisible = 0;
			defaultConfigurationName = Release;
		};
		D0947E47298AD30E005A1EAD /* Build configuration list for PBXNativeTarget "Rick and MortyTests" */ = {
			isa = XCConfigurationList;
			buildConfigurations = (
				D0947E48298AD30E005A1EAD /* Debug */,
				D0947E49298AD30E005A1EAD /* Release */,
			);
			defaultConfigurationIsVisible = 0;
			defaultConfigurationName = Release;
		};
		D0947E4A298AD30E005A1EAD /* Build configuration list for PBXNativeTarget "Rick and MortyUITests" */ = {
			isa = XCConfigurationList;
			buildConfigurations = (
				D0947E4B298AD30E005A1EAD /* Debug */,
				D0947E4C298AD30E005A1EAD /* Release */,
			);
			defaultConfigurationIsVisible = 0;
			defaultConfigurationName = Release;
		};
/* End XCConfigurationList section */
	};
	rootObject = D0947E12298AD30B005A1EAD /* Project object */;
}
